# THIS IS AN AUTOGENERATED FILE. DO NOT EDIT THIS FILE DIRECTLY.
# yarn lockfile v1


complex.js@2.0.4:
  version "2.0.4"
  resolved "https://registry.yarnpkg.com/complex.js/-/complex.js-2.0.4.tgz#d8e7cfb9652d1e853e723386421c1a0ca7a48373"

decimal.js@9.0.1:
  version "9.0.1"
  resolved "https://registry.yarnpkg.com/decimal.js/-/decimal.js-9.0.1.tgz#1cc8b228177da7ab6498c1cc06eb130a290e6e1e"

escape-latex@1.0.0:
  version "1.0.0"
  resolved "https://registry.yarnpkg.com/escape-latex/-/escape-latex-1.0.0.tgz#74b9e94d8c178645704c33791e95a4155b59718f"

fraction.js@4.0.4:
  version "4.0.4"
  resolved "https://registry.yarnpkg.com/fraction.js/-/fraction.js-4.0.4.tgz#04e567110718adf7b52974a10434ab4c67a5183e"

javascript-natural-sort@0.7.1:
  version "0.7.1"
  resolved "https://registry.yarnpkg.com/javascript-natural-sort/-/javascript-natural-sort-0.7.1.tgz#f9e2303d4507f6d74355a73664d1440fb5a0ef59"

mathjs@^4.0.0:
  version "4.0.0"
  resolved "https://registry.yarnpkg.com/mathjs/-/mathjs-4.0.0.tgz#17c95279a6fcd727be6ff4e478d609ee78c25502"
  dependencies:
    complex.js "2.0.4"
    decimal.js "9.0.1"
    escape-latex "1.0.0"
    fraction.js "4.0.4"
    javascript-natural-sort "0.7.1"
    seed-random "2.2.0"
    tiny-emitter "2.0.2"
    typed-function "1.0.1"

moment@^2.21.0:
  version "2.21.0"
  resolved "https://registry.yarnpkg.com/moment/-/moment-2.21.0.tgz#2a114b51d2a6ec9e6d83cf803f838a878d8a023a"

seed-random@2.2.0:
  version "2.2.0"
  resolved "https://registry.yarnpkg.com/seed-random/-/seed-random-2.2.0.tgz#2a9b19e250a817099231a5b99a4daf80b7fbed54"

tiny-emitter@2.0.2:
  version "2.0.2"
  resolved "https://registry.yarnpkg.com/tiny-emitter/-/tiny-emitter-2.0.2.tgz#82d27468aca5ade8e5fd1e6d22b57dd43ebdfb7c"

typed-function@1.0.1:
  version "1.0.1"
  resolved "https://registry.yarnpkg.com/typed-function/-/typed-function-1.0.1.tgz#2fc13787268764cb09633fe57be5bd089180668a"
